// !$*UTF8*$!
{
	archiveVersion = 1;
	classes = {
	};
	objectVersion = 56;
	objects = {

/* Begin PBXBuildFile section */
		0A88D0AA17EE57AB969FF428 /* Pods_Lost_Pet_Alert_App_V2.framework in Frameworks */ = {isa = PBXBuildFile; fileRef = 7DF850F4A258FEB912465887 /* Pods_Lost_Pet_Alert_App_V2.framework */; };
		FCE1E6AB29443F7900B7EAED /* Lost_Pet_Alert_App_V2App.swift in Sources */ = {isa = PBXBuildFile; fileRef = FCE1E6AA29443F7900B7EAED /* Lost_Pet_Alert_App_V2App.swift */; };
		FCE1E6AD29443F7900B7EAED /* ContentView.swift in Sources */ = {isa = PBXBuildFile; fileRef = FCE1E6AC29443F7900B7EAED /* ContentView.swift */; };
		FCE1E6AF29443F7B00B7EAED /* Assets.xcassets in Resources */ = {isa = PBXBuildFile; fileRef = FCE1E6AE29443F7B00B7EAED /* Assets.xcassets */; };
		FCE1E6B229443F7B00B7EAED /* Preview Assets.xcassets in Resources */ = {isa = PBXBuildFile; fileRef = FCE1E6B129443F7B00B7EAED /* Preview Assets.xcassets */; };
		FCE1E6B9294440DD00B7EAED /* GoogleService-Info.plist in Resources */ = {isa = PBXBuildFile; fileRef = FCE1E6B8294440DD00B7EAED /* GoogleService-Info.plist */; };
		FCE1E6BE294442D500B7EAED /* DisappearanceAlert.swift in Sources */ = {isa = PBXBuildFile; fileRef = FCE1E6BD294442D500B7EAED /* DisappearanceAlert.swift */; };
		FCE1E6C0294442F900B7EAED /* FireDBHelper.swift in Sources */ = {isa = PBXBuildFile; fileRef = FCE1E6BF294442F900B7EAED /* FireDBHelper.swift */; };
		FCE1E6C22944431F00B7EAED /* HomeView.swift in Sources */ = {isa = PBXBuildFile; fileRef = FCE1E6C12944431F00B7EAED /* HomeView.swift */; };
		FCE1E6C42944432B00B7EAED /* DisappearanceAlertView.swift in Sources */ = {isa = PBXBuildFile; fileRef = FCE1E6C32944432B00B7EAED /* DisappearanceAlertView.swift */; };
		FCE1E6C62944433500B7EAED /* SearchView.swift in Sources */ = {isa = PBXBuildFile; fileRef = FCE1E6C52944433500B7EAED /* SearchView.swift */; };
		FCE1E6C82944433B00B7EAED /* DisappearanceListView.swift in Sources */ = {isa = PBXBuildFile; fileRef = FCE1E6C72944433B00B7EAED /* DisappearanceListView.swift */; };
		FCE1E6CA29445CBA00B7EAED /* LocationHelper.swift in Sources */ = {isa = PBXBuildFile; fileRef = FCE1E6C929445CBA00B7EAED /* LocationHelper.swift */; };
		FCE1E6CC29445ED600B7EAED /* MapView.swift in Sources */ = {isa = PBXBuildFile; fileRef = FCE1E6CB29445ED600B7EAED /* MapView.swift */; };
		FCE1E6D3294468EB00B7EAED /* WidgetKit.framework in Frameworks */ = {isa = PBXBuildFile; fileRef = FCE1E6D2294468EA00B7EAED /* WidgetKit.framework */; };
		FCE1E6D5294468EB00B7EAED /* SwiftUI.framework in Frameworks */ = {isa = PBXBuildFile; fileRef = FCE1E6D4294468EB00B7EAED /* SwiftUI.framework */; };
		FCE1E6D8294468EB00B7EAED /* LostPetWidget.swift in Sources */ = {isa = PBXBuildFile; fileRef = FCE1E6D7294468EB00B7EAED /* LostPetWidget.swift */; };
		FCE1E6DA294468ED00B7EAED /* Assets.xcassets in Resources */ = {isa = PBXBuildFile; fileRef = FCE1E6D9294468ED00B7EAED /* Assets.xcassets */; };
		FCE1E6DE294468EE00B7EAED /* LostPetWidgetExtension.appex in Embed Foundation Extensions */ = {isa = PBXBuildFile; fileRef = FCE1E6D1294468EA00B7EAED /* LostPetWidgetExtension.appex */; settings = {ATTRIBUTES = (RemoveHeadersOnCopy, ); }; };
		FCE1E6E3294469D000B7EAED /* FireDBHelper.swift in Sources */ = {isa = PBXBuildFile; fileRef = FCE1E6BF294442F900B7EAED /* FireDBHelper.swift */; };
/* End PBXBuildFile section */

/* Begin PBXContainerItemProxy section */
		FCE1E6DC294468EE00B7EAED /* PBXContainerItemProxy */ = {
			isa = PBXContainerItemProxy;
			containerPortal = FCE1E69F29443F7900B7EAED /* Project object */;
			proxyType = 1;
			remoteGlobalIDString = FCE1E6D0294468EA00B7EAED;
			remoteInfo = LostPetWidgetExtension;
		};
/* End PBXContainerItemProxy section */

/* Begin PBXCopyFilesBuildPhase section */
		FCE1E6E2294468EE00B7EAED /* Embed Foundation Extensions */ = {
			isa = PBXCopyFilesBuildPhase;
			buildActionMask = 2147483647;
			dstPath = "";
			dstSubfolderSpec = 13;
			files = (
				FCE1E6DE294468EE00B7EAED /* LostPetWidgetExtension.appex in Embed Foundation Extensions */,
			);
			name = "Embed Foundation Extensions";
			runOnlyForDeploymentPostprocessing = 0;
		};
/* End PBXCopyFilesBuildPhase section */

/* Begin PBXFileReference section */
		7DF850F4A258FEB912465887 /* Pods_Lost_Pet_Alert_App_V2.framework */ = {isa = PBXFileReference; explicitFileType = wrapper.framework; includeInIndex = 0; path = Pods_Lost_Pet_Alert_App_V2.framework; sourceTree = BUILT_PRODUCTS_DIR; };
		A3A8379BEC3CF26DA27ADEBB /* Pods-Lost_Pet_Alert_App_V2.release.xcconfig */ = {isa = PBXFileReference; includeInIndex = 1; lastKnownFileType = text.xcconfig; name = "Pods-Lost_Pet_Alert_App_V2.release.xcconfig"; path = "Target Support Files/Pods-Lost_Pet_Alert_App_V2/Pods-Lost_Pet_Alert_App_V2.release.xcconfig"; sourceTree = "<group>"; };
		B51B2729EBFCCD5E9912A3B3 /* Pods-Lost_Pet_Alert_App_V2.debug.xcconfig */ = {isa = PBXFileReference; includeInIndex = 1; lastKnownFileType = text.xcconfig; name = "Pods-Lost_Pet_Alert_App_V2.debug.xcconfig"; path = "Target Support Files/Pods-Lost_Pet_Alert_App_V2/Pods-Lost_Pet_Alert_App_V2.debug.xcconfig"; sourceTree = "<group>"; };
		FCE1E6A729443F7900B7EAED /* Lost_Pet_Alert_App_V2.app */ = {isa = PBXFileReference; explicitFileType = wrapper.application; includeInIndex = 0; path = Lost_Pet_Alert_App_V2.app; sourceTree = BUILT_PRODUCTS_DIR; };
		FCE1E6AA29443F7900B7EAED /* Lost_Pet_Alert_App_V2App.swift */ = {isa = PBXFileReference; lastKnownFileType = sourcecode.swift; path = Lost_Pet_Alert_App_V2App.swift; sourceTree = "<group>"; };
		FCE1E6AC29443F7900B7EAED /* ContentView.swift */ = {isa = PBXFileReference; lastKnownFileType = sourcecode.swift; path = ContentView.swift; sourceTree = "<group>"; };
		FCE1E6AE29443F7B00B7EAED /* Assets.xcassets */ = {isa = PBXFileReference; lastKnownFileType = folder.assetcatalog; path = Assets.xcassets; sourceTree = "<group>"; };
		FCE1E6B129443F7B00B7EAED /* Preview Assets.xcassets */ = {isa = PBXFileReference; lastKnownFileType = folder.assetcatalog; path = "Preview Assets.xcassets"; sourceTree = "<group>"; };
		FCE1E6B8294440DD00B7EAED /* GoogleService-Info.plist */ = {isa = PBXFileReference; fileEncoding = 4; lastKnownFileType = text.plist.xml; path = "GoogleService-Info.plist"; sourceTree = "<group>"; };
		FCE1E6BD294442D500B7EAED /* DisappearanceAlert.swift */ = {isa = PBXFileReference; fileEncoding = 4; lastKnownFileType = sourcecode.swift; path = DisappearanceAlert.swift; sourceTree = "<group>"; };
		FCE1E6BF294442F900B7EAED /* FireDBHelper.swift */ = {isa = PBXFileReference; fileEncoding = 4; lastKnownFileType = sourcecode.swift; path = FireDBHelper.swift; sourceTree = "<group>"; };
		FCE1E6C12944431F00B7EAED /* HomeView.swift */ = {isa = PBXFileReference; fileEncoding = 4; lastKnownFileType = sourcecode.swift; path = HomeView.swift; sourceTree = "<group>"; };
		FCE1E6C32944432B00B7EAED /* DisappearanceAlertView.swift */ = {isa = PBXFileReference; fileEncoding = 4; lastKnownFileType = sourcecode.swift; path = DisappearanceAlertView.swift; sourceTree = "<group>"; };
		FCE1E6C52944433500B7EAED /* SearchView.swift */ = {isa = PBXFileReference; fileEncoding = 4; lastKnownFileType = sourcecode.swift; path = SearchView.swift; sourceTree = "<group>"; };
		FCE1E6C72944433B00B7EAED /* DisappearanceListView.swift */ = {isa = PBXFileReference; fileEncoding = 4; lastKnownFileType = sourcecode.swift; path = DisappearanceListView.swift; sourceTree = "<group>"; };
		FCE1E6C929445CBA00B7EAED /* LocationHelper.swift */ = {isa = PBXFileReference; lastKnownFileType = sourcecode.swift; path = LocationHelper.swift; sourceTree = "<group>"; };
		FCE1E6CB29445ED600B7EAED /* MapView.swift */ = {isa = PBXFileReference; lastKnownFileType = sourcecode.swift; path = MapView.swift; sourceTree = "<group>"; };
		FCE1E6D1294468EA00B7EAED /* LostPetWidgetExtension.appex */ = {isa = PBXFileReference; explicitFileType = "wrapper.app-extension"; includeInIndex = 0; path = LostPetWidgetExtension.appex; sourceTree = BUILT_PRODUCTS_DIR; };
		FCE1E6D2294468EA00B7EAED /* WidgetKit.framework */ = {isa = PBXFileReference; lastKnownFileType = wrapper.framework; name = WidgetKit.framework; path = System/Library/Frameworks/WidgetKit.framework; sourceTree = SDKROOT; };
		FCE1E6D4294468EB00B7EAED /* SwiftUI.framework */ = {isa = PBXFileReference; lastKnownFileType = wrapper.framework; name = SwiftUI.framework; path = System/Library/Frameworks/SwiftUI.framework; sourceTree = SDKROOT; };
		FCE1E6D7294468EB00B7EAED /* LostPetWidget.swift */ = {isa = PBXFileReference; lastKnownFileType = sourcecode.swift; path = LostPetWidget.swift; sourceTree = "<group>"; };
		FCE1E6D9294468ED00B7EAED /* Assets.xcassets */ = {isa = PBXFileReference; lastKnownFileType = folder.assetcatalog; path = Assets.xcassets; sourceTree = "<group>"; };
		FCE1E6DB294468ED00B7EAED /* Info.plist */ = {isa = PBXFileReference; lastKnownFileType = text.plist.xml; path = Info.plist; sourceTree = "<group>"; };
/* End PBXFileReference section */

/* Begin PBXFrameworksBuildPhase section */
		FCE1E6A429443F7900B7EAED /* Frameworks */ = {
			isa = PBXFrameworksBuildPhase;
			buildActionMask = 2147483647;
			files = (
				0A88D0AA17EE57AB969FF428 /* Pods_Lost_Pet_Alert_App_V2.framework in Frameworks */,
			);
			runOnlyForDeploymentPostprocessing = 0;
		};
		FCE1E6CE294468EA00B7EAED /* Frameworks */ = {
			isa = PBXFrameworksBuildPhase;
			buildActionMask = 2147483647;
			files = (
				FCE1E6D5294468EB00B7EAED /* SwiftUI.framework in Frameworks */,
				FCE1E6D3294468EB00B7EAED /* WidgetKit.framework in Frameworks */,
			);
			runOnlyForDeploymentPostprocessing = 0;
		};
/* End PBXFrameworksBuildPhase section */

/* Begin PBXGroup section */
		94AC63FFA33409487E71A235 /* Frameworks */ = {
			isa = PBXGroup;
			children = (
				7DF850F4A258FEB912465887 /* Pods_Lost_Pet_Alert_App_V2.framework */,
				FCE1E6D2294468EA00B7EAED /* WidgetKit.framework */,
				FCE1E6D4294468EB00B7EAED /* SwiftUI.framework */,
			);
			name = Frameworks;
			sourceTree = "<group>";
		};
		E61B6C1C759E517D7558258D /* Pods */ = {
			isa = PBXGroup;
			children = (
				B51B2729EBFCCD5E9912A3B3 /* Pods-Lost_Pet_Alert_App_V2.debug.xcconfig */,
				A3A8379BEC3CF26DA27ADEBB /* Pods-Lost_Pet_Alert_App_V2.release.xcconfig */,
			);
			path = Pods;
			sourceTree = "<group>";
		};
		FCE1E69E29443F7900B7EAED = {
			isa = PBXGroup;
			children = (
				FCE1E6A929443F7900B7EAED /* Lost_Pet_Alert_App_V2 */,
				FCE1E6D6294468EB00B7EAED /* LostPetWidget */,
				FCE1E6A829443F7900B7EAED /* Products */,
				E61B6C1C759E517D7558258D /* Pods */,
				94AC63FFA33409487E71A235 /* Frameworks */,
			);
			sourceTree = "<group>";
		};
		FCE1E6A829443F7900B7EAED /* Products */ = {
			isa = PBXGroup;
			children = (
				FCE1E6A729443F7900B7EAED /* Lost_Pet_Alert_App_V2.app */,
				FCE1E6D1294468EA00B7EAED /* LostPetWidgetExtension.appex */,
			);
			name = Products;
			sourceTree = "<group>";
		};
		FCE1E6A929443F7900B7EAED /* Lost_Pet_Alert_App_V2 */ = {
			isa = PBXGroup;
			children = (
				FCE1E6BC294442A000B7EAED /* Helpers */,
				FCE1E6BB2944429900B7EAED /* Views */,
				FCE1E6BA2944429100B7EAED /* Models */,
				FCE1E6B8294440DD00B7EAED /* GoogleService-Info.plist */,
				FCE1E6AA29443F7900B7EAED /* Lost_Pet_Alert_App_V2App.swift */,
				FCE1E6AC29443F7900B7EAED /* ContentView.swift */,
				FCE1E6AE29443F7B00B7EAED /* Assets.xcassets */,
				FCE1E6B029443F7B00B7EAED /* Preview Content */,
			);
			path = Lost_Pet_Alert_App_V2;
			sourceTree = "<group>";
		};
		FCE1E6B029443F7B00B7EAED /* Preview Content */ = {
			isa = PBXGroup;
			children = (
				FCE1E6B129443F7B00B7EAED /* Preview Assets.xcassets */,
			);
			path = "Preview Content";
			sourceTree = "<group>";
		};
		FCE1E6BA2944429100B7EAED /* Models */ = {
			isa = PBXGroup;
			children = (
				FCE1E6BD294442D500B7EAED /* DisappearanceAlert.swift */,
			);
			path = Models;
			sourceTree = "<group>";
		};
		FCE1E6BB2944429900B7EAED /* Views */ = {
			isa = PBXGroup;
			children = (
				FCE1E6C12944431F00B7EAED /* HomeView.swift */,
				FCE1E6C32944432B00B7EAED /* DisappearanceAlertView.swift */,
				FCE1E6C52944433500B7EAED /* SearchView.swift */,
				FCE1E6C72944433B00B7EAED /* DisappearanceListView.swift */,
				FCE1E6CB29445ED600B7EAED /* MapView.swift */,
			);
			path = Views;
			sourceTree = "<group>";
		};
		FCE1E6BC294442A000B7EAED /* Helpers */ = {
			isa = PBXGroup;
			children = (
				FCE1E6BF294442F900B7EAED /* FireDBHelper.swift */,
				FCE1E6C929445CBA00B7EAED /* LocationHelper.swift */,
			);
			path = Helpers;
			sourceTree = "<group>";
		};
		FCE1E6D6294468EB00B7EAED /* LostPetWidget */ = {
			isa = PBXGroup;
			children = (
				FCE1E6D7294468EB00B7EAED /* LostPetWidget.swift */,
				FCE1E6D9294468ED00B7EAED /* Assets.xcassets */,
				FCE1E6DB294468ED00B7EAED /* Info.plist */,
			);
			path = LostPetWidget;
			sourceTree = "<group>";
		};
/* End PBXGroup section */

/* Begin PBXNativeTarget section */
		FCE1E6A629443F7900B7EAED /* Lost_Pet_Alert_App_V2 */ = {
			isa = PBXNativeTarget;
			buildConfigurationList = FCE1E6B529443F7B00B7EAED /* Build configuration list for PBXNativeTarget "Lost_Pet_Alert_App_V2" */;
			buildPhases = (
				D3C7758E2D5A070B60485576 /* [CP] Check Pods Manifest.lock */,
				FCE1E6A329443F7900B7EAED /* Sources */,
				FCE1E6A429443F7900B7EAED /* Frameworks */,
				FCE1E6A529443F7900B7EAED /* Resources */,
				9E7240C1C7381753FFAE87E9 /* [CP] Embed Pods Frameworks */,
				FCE1E6E2294468EE00B7EAED /* Embed Foundation Extensions */,
			);
			buildRules = (
			);
			dependencies = (
				FCE1E6DD294468EE00B7EAED /* PBXTargetDependency */,
			);
			name = Lost_Pet_Alert_App_V2;
			productName = Lost_Pet_Alert_App_V2;
			productReference = FCE1E6A729443F7900B7EAED /* Lost_Pet_Alert_App_V2.app */;
			productType = "com.apple.product-type.application";
		};
		FCE1E6D0294468EA00B7EAED /* LostPetWidgetExtension */ = {
			isa = PBXNativeTarget;
			buildConfigurationList = FCE1E6DF294468EE00B7EAED /* Build configuration list for PBXNativeTarget "LostPetWidgetExtension" */;
			buildPhases = (
				FCE1E6CD294468EA00B7EAED /* Sources */,
				FCE1E6CE294468EA00B7EAED /* Frameworks */,
				FCE1E6CF294468EA00B7EAED /* Resources */,
			);
			buildRules = (
			);
			dependencies = (
			);
			name = LostPetWidgetExtension;
			productName = LostPetWidgetExtension;
			productReference = FCE1E6D1294468EA00B7EAED /* LostPetWidgetExtension.appex */;
			productType = "com.apple.product-type.app-extension";
		};
/* End PBXNativeTarget section */

/* Begin PBXProject section */
		FCE1E69F29443F7900B7EAED /* Project object */ = {
			isa = PBXProject;
			attributes = {
				BuildIndependentTargetsInParallel = 1;
				LastSwiftUpdateCheck = 1400;
				LastUpgradeCheck = 1400;
				TargetAttributes = {
					FCE1E6A629443F7900B7EAED = {
						CreatedOnToolsVersion = 14.0.1;
					};
					FCE1E6D0294468EA00B7EAED = {
						CreatedOnToolsVersion = 14.0.1;
					};
				};
			};
			buildConfigurationList = FCE1E6A229443F7900B7EAED /* Build configuration list for PBXProject "Lost_Pet_Alert_App_V2" */;
			compatibilityVersion = "Xcode 14.0";
			developmentRegion = en;
			hasScannedForEncodings = 0;
			knownRegions = (
				en,
				Base,
			);
			mainGroup = FCE1E69E29443F7900B7EAED;
			productRefGroup = FCE1E6A829443F7900B7EAED /* Products */;
			projectDirPath = "";
			projectRoot = "";
			targets = (
				FCE1E6A629443F7900B7EAED /* Lost_Pet_Alert_App_V2 */,
				FCE1E6D0294468EA00B7EAED /* LostPetWidgetExtension */,
			);
		};
/* End PBXProject section */

/* Begin PBXResourcesBuildPhase section */
		FCE1E6A529443F7900B7EAED /* Resources */ = {
			isa = PBXResourcesBuildPhase;
			buildActionMask = 2147483647;
			files = (
				FCE1E6B229443F7B00B7EAED /* Preview Assets.xcassets in Resources */,
				FCE1E6AF29443F7B00B7EAED /* Assets.xcassets in Resources */,
				FCE1E6B9294440DD00B7EAED /* GoogleService-Info.plist in Resources */,
			);
			runOnlyForDeploymentPostprocessing = 0;
		};
		FCE1E6CF294468EA00B7EAED /* Resources */ = {
			isa = PBXResourcesBuildPhase;
			buildActionMask = 2147483647;
			files = (
				FCE1E6DA294468ED00B7EAED /* Assets.xcassets in Resources */,
			);
			runOnlyForDeploymentPostprocessing = 0;
		};
/* End PBXResourcesBuildPhase section */

/* Begin PBXShellScriptBuildPhase section */
		9E7240C1C7381753FFAE87E9 /* [CP] Embed Pods Frameworks */ = {
			isa = PBXShellScriptBuildPhase;
			buildActionMask = 2147483647;
			files = (
			);
			inputFileListPaths = (
				"${PODS_ROOT}/Target Support Files/Pods-Lost_Pet_Alert_App_V2/Pods-Lost_Pet_Alert_App_V2-frameworks-${CONFIGURATION}-input-files.xcfilelist",
			);
			name = "[CP] Embed Pods Frameworks";
			outputFileListPaths = (
				"${PODS_ROOT}/Target Support Files/Pods-Lost_Pet_Alert_App_V2/Pods-Lost_Pet_Alert_App_V2-frameworks-${CONFIGURATION}-output-files.xcfilelist",
			);
			runOnlyForDeploymentPostprocessing = 0;
			shellPath = /bin/sh;
			shellScript = "\"${PODS_ROOT}/Target Support Files/Pods-Lost_Pet_Alert_App_V2/Pods-Lost_Pet_Alert_App_V2-frameworks.sh\"\n";
			showEnvVarsInLog = 0;
		};
		D3C7758E2D5A070B60485576 /* [CP] Check Pods Manifest.lock */ = {
			isa = PBXShellScriptBuildPhase;
			buildActionMask = 2147483647;
			files = (
			);
			inputFileListPaths = (
			);
			inputPaths = (
				"${PODS_PODFILE_DIR_PATH}/Podfile.lock",
				"${PODS_ROOT}/Manifest.lock",
			);
			name = "[CP] Check Pods Manifest.lock";
			outputFileListPaths = (
			);
			outputPaths = (
				"$(DERIVED_FILE_DIR)/Pods-Lost_Pet_Alert_App_V2-checkManifestLockResult.txt",
			);
			runOnlyForDeploymentPostprocessing = 0;
			shellPath = /bin/sh;
			shellScript = "diff \"${PODS_PODFILE_DIR_PATH}/Podfile.lock\" \"${PODS_ROOT}/Manifest.lock\" > /dev/null\nif [ $? != 0 ] ; then\n    # print error to STDERR\n    echo \"error: The sandbox is not in sync with the Podfile.lock. Run 'pod install' or update your CocoaPods installation.\" >&2\n    exit 1\nfi\n# This output is used by Xcode 'outputs' to avoid re-running this script phase.\necho \"SUCCESS\" > \"${SCRIPT_OUTPUT_FILE_0}\"\n";
			showEnvVarsInLog = 0;
		};
/* End PBXShellScriptBuildPhase section */

/* Begin PBXSourcesBuildPhase section */
		FCE1E6A329443F7900B7EAED /* Sources */ = {
			isa = PBXSourcesBuildPhase;
			buildActionMask = 2147483647;
			files = (
				FCE1E6BE294442D500B7EAED /* DisappearanceAlert.swift in Sources */,
				FCE1E6C0294442F900B7EAED /* FireDBHelper.swift in Sources */,
				FCE1E6AD29443F7900B7EAED /* ContentView.swift in Sources */,
				FCE1E6C62944433500B7EAED /* SearchView.swift in Sources */,
				FCE1E6C22944431F00B7EAED /* HomeView.swift in Sources */,
				FCE1E6C82944433B00B7EAED /* DisappearanceListView.swift in Sources */,
				FCE1E6CA29445CBA00B7EAED /* LocationHelper.swift in Sources */,
				FCE1E6CC29445ED600B7EAED /* MapView.swift in Sources */,
				FCE1E6C42944432B00B7EAED /* DisappearanceAlertView.swift in Sources */,
				FCE1E6AB29443F7900B7EAED /* Lost_Pet_Alert_App_V2App.swift in Sources */,
			);
			runOnlyForDeploymentPostprocessing = 0;
		};
		FCE1E6CD294468EA00B7EAED /* Sources */ = {
			isa = PBXSourcesBuildPhase;
			buildActionMask = 2147483647;
			files = (
				FCE1E6D8294468EB00B7EAED /* LostPetWidget.swift in Sources */,
				FCE1E6E3294469D000B7EAED /* FireDBHelper.swift in Sources */,
			);
			runOnlyForDeploymentPostprocessing = 0;
		};
/* End PBXSourcesBuildPhase section */

/* Begin PBXTargetDependency section */
		FCE1E6DD294468EE00B7EAED /* PBXTargetDependency */ = {
			isa = PBXTargetDependency;
			target = FCE1E6D0294468EA00B7EAED /* LostPetWidgetExtension */;
			targetProxy = FCE1E6DC294468EE00B7EAED /* PBXContainerItemProxy */;
		};
/* End PBXTargetDependency section */

/* Begin XCBuildConfiguration section */
		FCE1E6B329443F7B00B7EAED /* Debug */ = {
			isa = XCBuildConfiguration;
			buildSettings = {
				ALWAYS_SEARCH_USER_PATHS = NO;
				CLANG_ANALYZER_NONNULL = YES;
				CLANG_ANALYZER_NUMBER_OBJECT_CONVERSION = YES_AGGRESSIVE;
				CLANG_CXX_LANGUAGE_STANDARD = "gnu++20";
				CLANG_ENABLE_MODULES = YES;
				CLANG_ENABLE_OBJC_ARC = YES;
				CLANG_ENABLE_OBJC_WEAK = YES;
				CLANG_WARN_BLOCK_CAPTURE_AUTORELEASING = YES;
				CLANG_WARN_BOOL_CONVERSION = YES;
				CLANG_WARN_COMMA = YES;
				CLANG_WARN_CONSTANT_CONVERSION = YES;
				CLANG_WARN_DEPRECATED_OBJC_IMPLEMENTATIONS = YES;
				CLANG_WARN_DIRECT_OBJC_ISA_USAGE = YES_ERROR;
				CLANG_WARN_DOCUMENTATION_COMMENTS = YES;
				CLANG_WARN_EMPTY_BODY = YES;
				CLANG_WARN_ENUM_CONVERSION = YES;
				CLANG_WARN_INFINITE_RECURSION = YES;
				CLANG_WARN_INT_CONVERSION = YES;
				CLANG_WARN_NON_LITERAL_NULL_CONVERSION = YES;
				CLANG_WARN_OBJC_IMPLICIT_RETAIN_SELF = YES;
				CLANG_WARN_OBJC_LITERAL_CONVERSION = YES;
				CLANG_WARN_OBJC_ROOT_CLASS = YES_ERROR;
				CLANG_WARN_QUOTED_INCLUDE_IN_FRAMEWORK_HEADER = YES;
				CLANG_WARN_RANGE_LOOP_ANALYSIS = YES;
				CLANG_WARN_STRICT_PROTOTYPES = YES;
				CLANG_WARN_SUSPICIOUS_MOVE = YES;
				CLANG_WARN_UNGUARDED_AVAILABILITY = YES_AGGRESSIVE;
				CLANG_WARN_UNREACHABLE_CODE = YES;
				CLANG_WARN__DUPLICATE_METHOD_MATCH = YES;
				COPY_PHASE_STRIP = NO;
				DEBUG_INFORMATION_FORMAT = dwarf;
				ENABLE_STRICT_OBJC_MSGSEND = YES;
				ENABLE_TESTABILITY = YES;
				GCC_C_LANGUAGE_STANDARD = gnu11;
				GCC_DYNAMIC_NO_PIC = NO;
				GCC_NO_COMMON_BLOCKS = YES;
				GCC_OPTIMIZATION_LEVEL = 0;
				GCC_PREPROCESSOR_DEFINITIONS = (
					"DEBUG=1",
					"$(inherited)",
				);
				GCC_WARN_64_TO_32_BIT_CONVERSION = YES;
				GCC_WARN_ABOUT_RETURN_TYPE = YES_ERROR;
				GCC_WARN_UNDECLARED_SELECTOR = YES;
				GCC_WARN_UNINITIALIZED_AUTOS = YES_AGGRESSIVE;
				GCC_WARN_UNUSED_FUNCTION = YES;
				GCC_WARN_UNUSED_VARIABLE = YES;
				IPHONEOS_DEPLOYMENT_TARGET = 16.0;
				MTL_ENABLE_DEBUG_INFO = INCLUDE_SOURCE;
				MTL_FAST_MATH = YES;
				ONLY_ACTIVE_ARCH = YES;
				SDKROOT = iphoneos;
				SWIFT_ACTIVE_COMPILATION_CONDITIONS = DEBUG;
				SWIFT_OPTIMIZATION_LEVEL = "-Onone";
			};
			name = Debug;
		};
		FCE1E6B429443F7B00B7EAED /* Release */ = {
			isa = XCBuildConfiguration;
			buildSettings = {
				ALWAYS_SEARCH_USER_PATHS = NO;
				CLANG_ANALYZER_NONNULL = YES;
				CLANG_ANALYZER_NUMBER_OBJECT_CONVERSION = YES_AGGRESSIVE;
				CLANG_CXX_LANGUAGE_STANDARD = "gnu++20";
				CLANG_ENABLE_MODULES = YES;
				CLANG_ENABLE_OBJC_ARC = YES;
				CLANG_ENABLE_OBJC_WEAK = YES;
				CLANG_WARN_BLOCK_CAPTURE_AUTORELEASING = YES;
				CLANG_WARN_BOOL_CONVERSION = YES;
				CLANG_WARN_COMMA = YES;
				CLANG_WARN_CONSTANT_CONVERSION = YES;
				CLANG_WARN_DEPRECATED_OBJC_IMPLEMENTATIONS = YES;
				CLANG_WARN_DIRECT_OBJC_ISA_USAGE = YES_ERROR;
				CLANG_WARN_DOCUMENTATION_COMMENTS = YES;
				CLANG_WARN_EMPTY_BODY = YES;
				CLANG_WARN_ENUM_CONVERSION = YES;
				CLANG_WARN_INFINITE_RECURSION = YES;
				CLANG_WARN_INT_CONVERSION = YES;
				CLANG_WARN_NON_LITERAL_NULL_CONVERSION = YES;
				CLANG_WARN_OBJC_IMPLICIT_RETAIN_SELF = YES;
				CLANG_WARN_OBJC_LITERAL_CONVERSION = YES;
				CLANG_WARN_OBJC_ROOT_CLASS = YES_ERROR;
				CLANG_WARN_QUOTED_INCLUDE_IN_FRAMEWORK_HEADER = YES;
				CLANG_WARN_RANGE_LOOP_ANALYSIS = YES;
				CLANG_WARN_STRICT_PROTOTYPES = YES;
				CLANG_WARN_SUSPICIOUS_MOVE = YES;
				CLANG_WARN_UNGUARDED_AVAILABILITY = YES_AGGRESSIVE;
				CLANG_WARN_UNREACHABLE_CODE = YES;
				CLANG_WARN__DUPLICATE_METHOD_MATCH = YES;
				COPY_PHASE_STRIP = NO;
				DEBUG_INFORMATION_FORMAT = "dwarf-with-dsym";
				ENABLE_NS_ASSERTIONS = NO;
				ENABLE_STRICT_OBJC_MSGSEND = YES;
				GCC_C_LANGUAGE_STANDARD = gnu11;
				GCC_NO_COMMON_BLOCKS = YES;
				GCC_WARN_64_TO_32_BIT_CONVERSION = YES;
				GCC_WARN_ABOUT_RETURN_TYPE = YES_ERROR;
				GCC_WARN_UNDECLARED_SELECTOR = YES;
				GCC_WARN_UNINITIALIZED_AUTOS = YES_AGGRESSIVE;
				GCC_WARN_UNUSED_FUNCTION = YES;
				GCC_WARN_UNUSED_VARIABLE = YES;
				IPHONEOS_DEPLOYMENT_TARGET = 16.0;
				MTL_ENABLE_DEBUG_INFO = NO;
				MTL_FAST_MATH = YES;
				SDKROOT = iphoneos;
				SWIFT_COMPILATION_MODE = wholemodule;
				SWIFT_OPTIMIZATION_LEVEL = "-O";
				VALIDATE_PRODUCT = YES;
			};
			name = Release;
		};
		FCE1E6B629443F7B00B7EAED /* Debug */ = {
			isa = XCBuildConfiguration;
			baseConfigurationReference = B51B2729EBFCCD5E9912A3B3 /* Pods-Lost_Pet_Alert_App_V2.debug.xcconfig */;
			buildSettings = {
				ALWAYS_EMBED_SWIFT_STANDARD_LIBRARIES = YES;
				ASSETCATALOG_COMPILER_APPICON_NAME = AppIcon;
				ASSETCATALOG_COMPILER_GLOBAL_ACCENT_COLOR_NAME = AccentColor;
				CODE_SIGN_STYLE = Automatic;
				CURRENT_PROJECT_VERSION = 1;
				DEVELOPMENT_ASSET_PATHS = "\"Lost_Pet_Alert_App_V2/Preview Content\"";
				DEVELOPMENT_TEAM = ADQD396KCN;
				ENABLE_PREVIEWS = YES;
				GENERATE_INFOPLIST_FILE = YES;
				INFOPLIST_KEY_UIApplicationSceneManifest_Generation = YES;
				INFOPLIST_KEY_UIApplicationSupportsIndirectInputEvents = YES;
				INFOPLIST_KEY_UILaunchScreen_Generation = YES;
				INFOPLIST_KEY_UISupportedInterfaceOrientations_iPad = "UIInterfaceOrientationPortrait UIInterfaceOrientationPortraitUpsideDown UIInterfaceOrientationLandscapeLeft UIInterfaceOrientationLandscapeRight";
				INFOPLIST_KEY_UISupportedInterfaceOrientations_iPhone = "UIInterfaceOrientationPortrait UIInterfaceOrientationLandscapeLeft UIInterfaceOrientationLandscapeRight";
				LD_RUNPATH_SEARCH_PATHS = (
					"$(inherited)",
					"@executable_path/Frameworks",
				);
				MARKETING_VERSION = 1.0;
				PRODUCT_BUNDLE_IDENTIFIER = "com.ei.Lost-Pet-Alert-App-V2";
				PRODUCT_NAME = "$(TARGET_NAME)";
				SWIFT_EMIT_LOC_STRINGS = YES;
				SWIFT_VERSION = 5.0;
				TARGETED_DEVICE_FAMILY = "1,2";
			};
			name = Debug;
		};
		FCE1E6B729443F7B00B7EAED /* Release */ = {
			isa = XCBuildConfiguration;
			baseConfigurationReference = A3A8379BEC3CF26DA27ADEBB /* Pods-Lost_Pet_Alert_App_V2.release.xcconfig */;
			buildSettings = {
				ALWAYS_EMBED_SWIFT_STANDARD_LIBRARIES = YES;
				ASSETCATALOG_COMPILER_APPICON_NAME = AppIcon;
				ASSETCATALOG_COMPILER_GLOBAL_ACCENT_COLOR_NAME = AccentColor;
				CODE_SIGN_STYLE = Automatic;
				CURRENT_PROJECT_VERSION = 1;
				DEVELOPMENT_ASSET_PATHS = "\"Lost_Pet_Alert_App_V2/Preview Content\"";
				DEVELOPMENT_TEAM = ADQD396KCN;
				ENABLE_PREVIEWS = YES;
				GENERATE_INFOPLIST_FILE = YES;
				INFOPLIST_KEY_UIApplicationSceneManifest_Generation = YES;
				INFOPLIST_KEY_UIApplicationSupportsIndirectInputEvents = YES;
				INFOPLIST_KEY_UILaunchScreen_Generation = YES;
				INFOPLIST_KEY_UISupportedInterfaceOrientations_iPad = "UIInterfaceOrientationPortrait UIInterfaceOrientationPortraitUpsideDown UIInterfaceOrientationLandscapeLeft UIInterfaceOrientationLandscapeRight";
				INFOPLIST_KEY_UISupportedInterfaceOrientations_iPhone = "UIInterfaceOrientationPortrait UIInterfaceOrientationLandscapeLeft UIInterfaceOrientationLandscapeRight";
				LD_RUNPATH_SEARCH_PATHS = (
					"$(inherited)",
					"@executable_path/Frameworks",
				);
				MARKETING_VERSION = 1.0;
				PRODUCT_BUNDLE_IDENTIFIER = "com.ei.Lost-Pet-Alert-App-V2";
				PRODUCT_NAME = "$(TARGET_NAME)";
				SWIFT_EMIT_LOC_STRINGS = YES;
				SWIFT_VERSION = 5.0;
				TARGETED_DEVICE_FAMILY = "1,2";
			};
			name = Release;
		};
		FCE1E6E0294468EE00B7EAED /* Debug */ = {
			isa = XCBuildConfiguration;
			buildSettings = {
				ASSETCATALOG_COMPILER_GLOBAL_ACCENT_COLOR_NAME = AccentColor;
				ASSETCATALOG_COMPILER_WIDGET_BACKGROUND_COLOR_NAME = WidgetBackground;
				CODE_SIGN_STYLE = Automatic;
				CURRENT_PROJECT_VERSION = 1;
				DEVELOPMENT_TEAM = ADQD396KCN;
				GENERATE_INFOPLIST_FILE = YES;
				INFOPLIST_FILE = LostPetWidget/Info.plist;
				INFOPLIST_KEY_CFBundleDisplayName = LostPetWidget;
				INFOPLIST_KEY_NSHumanReadableCopyright = "";
				LD_RUNPATH_SEARCH_PATHS = (
					"$(inherited)",
					"@executable_path/Frameworks",
					"@executable_path/../../Frameworks",
				);
				MARKETING_VERSION = 1.0;
				PRODUCT_BUNDLE_IDENTIFIER = "com.ei.Lost-Pet-Alert-App-V2.LostPetWidget";
				PRODUCT_NAME = "$(TARGET_NAME)";
				SKIP_INSTALL = YES;
				SWIFT_EMIT_LOC_STRINGS = YES;
				SWIFT_VERSION = 5.0;
				TARGETED_DEVICE_FAMILY = "1,2";
			};
			name = Debug;
		};
		FCE1E6E1294468EE00B7EAED /* Release */ = {
			isa = XCBuildConfiguration;
			buildSettings = {
				ASSETCATALOG_COMPILER_GLOBAL_ACCENT_COLOR_NAME = AccentColor;
				ASSETCATALOG_COMPILER_WIDGET_BACKGROUND_COLOR_NAME = WidgetBackground;
				CODE_SIGN_STYLE = Automatic;
				CURRENT_PROJECT_VERSION = 1;
				DEVELOPMENT_TEAM = ADQD396KCN;
				GENERATE_INFOPLIST_FILE = YES;
				INFOPLIST_FILE = LostPetWidget/Info.plist;
				INFOPLIST_KEY_CFBundleDisplayName = LostPetWidget;
				INFOPLIST_KEY_NSHumanReadableCopyright = "";
				LD_RUNPATH_SEARCH_PATHS = (
					"$(inherited)",
					"@executable_path/Frameworks",
					"@executable_path/../../Frameworks",
				);
				MARKETING_VERSION = 1.0;
				PRODUCT_BUNDLE_IDENTIFIER = "com.ei.Lost-Pet-Alert-App-V2.LostPetWidget";
				PRODUCT_NAME = "$(TARGET_NAME)";
				SKIP_INSTALL = YES;
				SWIFT_EMIT_LOC_STRINGS = YES;
				SWIFT_VERSION = 5.0;
				TARGETED_DEVICE_FAMILY = "1,2";
			};
			name = Release;
		};
/* End XCBuildConfiguration section */

/* Begin XCConfigurationList section */
		FCE1E6A229443F7900B7EAED /* Build configuration list for PBXProject "Lost_Pet_Alert_App_V2" */ = {
			isa = XCConfigurationList;
			buildConfigurations = (
				FCE1E6B329443F7B00B7EAED /* Debug */,
				FCE1E6B429443F7B00B7EAED /* Release */,
			);
			defaultConfigurationIsVisible = 0;
			defaultConfigurationName = Release;
		};
		FCE1E6B529443F7B00B7EAED /* Build configuration list for PBXNativeTarget "Lost_Pet_Alert_App_V2" */ = {
			isa = XCConfigurationList;
			buildConfigurations = (
				FCE1E6B629443F7B00B7EAED /* Debug */,
				FCE1E6B729443F7B00B7EAED /* Release */,
			);
			defaultConfigurationIsVisible = 0;
			defaultConfigurationName = Release;
		};
		FCE1E6DF294468EE00B7EAED /* Build configuration list for PBXNativeTarget "LostPetWidgetExtension" */ = {
			isa = XCConfigurationList;
			buildConfigurations = (
				FCE1E6E0294468EE00B7EAED /* Debug */,
				FCE1E6E1294468EE00B7EAED /* Release */,
			);
			defaultConfigurationIsVisible = 0;
			defaultConfigurationName = Release;
		};
/* End XCConfigurationList section */
	};
	rootObject = FCE1E69F29443F7900B7EAED /* Project object */;
}
